
Microsoft Visual Studio Solution File, Format Version 12.00
# Visual Studio Version 17
VisualStudioVersion = 17.0.31903.59
MinimumVisualStudioVersion = 10.0.40219.1
Project("{2150E333-8FDC-42A3-9474-1A3956D46DE8}") = "src", "src", "{827E0CD3-B72D-47B6-A68D-7590B98EB39B}"
EndProject
Project("{FAE04EC0-301F-11D3-BF4B-00C04F79EFBC}") = "WpfApp.Net472", "src\WpfApp.Net472\WpfApp.Net472.csproj", "{D59A2B80-4093-412A-BD5B-04B3DFD5B1CB}"
EndProject
Project("{FAE04EC0-301F-11D3-BF4B-00C04F79EFBC}") = "WpfApp.Net8", "src\WpfApp.Net8\WpfApp.Net8.csproj", "{0E2DDC35-3283-47C3-952A-D918BB661563}"
EndProject
Project("{FAE04EC0-301F-11D3-BF4B-00C04F79EFBC}") = "WebApi", "src\WebApi\WebApi.csproj", "{07F105C8-F8D2-421A-8AD7-D0B592579374}"
EndProject
Project("{2150E333-8FDC-42A3-9474-1A3956D46DE8}") = "tests", "tests", "{0AB3BF05-4346-4AA6-1389-037BE0695223}"
EndProject
Project("{FAE04EC0-301F-11D3-BF4B-00C04F79EFBC}") = "Common.RabbitMQ.Tests", "tests\Common.RabbitMQ.Tests\Common.RabbitMQ.Tests.csproj", "{07EACB50-F4B8-4526-ADC7-F7E6207AD4A4}"
EndProject
Project("{FAE04EC0-301F-11D3-BF4B-00C04F79EFBC}") = "Compat.Events", "tests\Fixtures\Compat.Events\Compat.Events.csproj", "{B3834C4C-46E4-459A-A211-3B98E4100F9F}"
EndProject
Project("{FAE04EC0-301F-11D3-BF4B-00C04F79EFBC}") = "Common.RabbitMQ.Baseline", "tests\Fixtures\Common.RabbitMQ.Baseline\Common.RabbitMQ.Baseline.csproj", "{104D7BEC-EDC6-4993-8241-B34AE9E8DFD5}"
EndProject
Project("{FAE04EC0-301F-11D3-BF4B-00C04F79EFBC}") = "Compat.Events.Baseline", "tests\Fixtures\Compat.Events.Baseline\Compat.Events.Baseline.csproj", "{01BAC8D5-9F61-4C74-B502-C660B5EE7634}"
EndProject
Project("{2150E333-8FDC-42A3-9474-1A3956D46DE8}") = "Legacy", "Legacy", "{90AACAC6-F01F-4D80-4495-114698DDABE3}"
EndProject
Project("{FAE04EC0-301F-11D3-BF4B-00C04F79EFBC}") = "Common.RabbitMQ", "src\Common.RabbitMQ\Common.RabbitMQ.csproj", "{7250803C-D1B4-47A7-AE79-2DD50ACB0BEE}"
EndProject
Project("{FAE04EC0-301F-11D3-BF4B-00C04F79EFBC}") = "Messaging.RabbitMQ", "src\Messaging\Messaging.RabbitMQ\Messaging.RabbitMQ.csproj", "{61C5EE71-1FD3-47A4-9B89-F6E2B3CF8FA8}"
EndProject
Project("{FAE04EC0-301F-11D3-BF4B-00C04F79EFBC}") = "Messaging.Abstractions", "src\Messaging\Messaging.Abstractions\Messaging.Abstractions.csproj", "{B1D0484A-C98E-4BEB-BC2C-7CC439821478}"
EndProject
Project("{FAE04EC0-301F-11D3-BF4B-00C04F79EFBC}") = "Common.RabbitMQ.Configuration", "src\Common.RabbitMQ.Configuration\Common.RabbitMQ.Configuration.csproj", "{99B64E56-B382-4B2C-8129-CC96F7AA972B}"
EndProject
Project("{FAE04EC0-301F-11D3-BF4B-00C04F79EFBC}") = "Common.Events", "src\Common.Events\Common.Events.csproj", "{E2EEBB08-345F-45B5-A4AE-ADA0E948FD01}"
EndProject
Project("{2150E333-8FDC-42A3-9474-1A3956D46DE8}") = "Messaging", "Messaging", "{1AB6002E-85EB-C75A-9828-95B8B8565E80}"
EndProject
Project("{FAE04EC0-301F-11D3-BF4B-00C04F79EFBC}") = "Messaging.Hosting", "src\Messaging\Messaging.Hosting\Messaging.Hosting.csproj", "{F9F68CDF-9ECA-41B3-B46B-85F0B8E92DF9}"
EndProject
Project("{2150E333-8FDC-42A3-9474-1A3956D46DE8}") = "Contracts", "Contracts", "{FFBE31B8-50B9-B415-22BC-2F92C97CADA3}"
EndProject
Project("{FAE04EC0-301F-11D3-BF4B-00C04F79EFBC}") = "Employees.Contracts", "src\Contracts\Employees.Contracts\Employees.Contracts.csproj", "{6CD6587A-DFBD-4ADD-8462-BBBA14E9BAD1}"
EndProject
Project("{2150E333-8FDC-42A3-9474-1A3956D46DE8}") = "Fixtures", "Fixtures", "{F12727AA-ABEF-07AF-E6F0-CD96E3D9A8AF}"
EndProject
Project("{2150E333-8FDC-42A3-9474-1A3956D46DE8}") = "LegacyModel", "LegacyModel", "{2B73962F-4F0B-9A8B-5B31-6764871A2AF0}"
EndProject
Project("{FAE04EC0-301F-11D3-BF4B-00C04F79EFBC}") = "Legacy.RabbitMQ", "tests\Fixtures\LegacyModel\Legacy.RabbitMQ\Legacy.RabbitMQ.csproj", "{18C51FE2-125C-4AD8-854D-B48784C85DA7}"
EndProject
Project("{FAE04EC0-301F-11D3-BF4B-00C04F79EFBC}") = "AppA.Events", "tests\Fixtures\LegacyModel\AppA.Events\AppA.Events.csproj", "{6D956CE8-D35B-467D-A26F-939B483A7481}"
EndProject
Project("{FAE04EC0-301F-11D3-BF4B-00C04F79EFBC}") = "AppB.Events", "tests\Fixtures\LegacyModel\AppB.Events\AppB.Events.csproj", "{B392A826-D655-43FB-844F-97A4992D7089}"
EndProject
Project("{FAE04EC0-301F-11D3-BF4B-00C04F79EFBC}") = "Shared.Events", "tests\Fixtures\LegacyModel\Shared.Events\Shared.Events.csproj", "{5CAF561B-4224-4059-A249-0CCFAA5E30D8}"
EndProject
Project("{FAE04EC0-301F-11D3-BF4B-00C04F79EFBC}") = "Messaging.Prism", "src\Messaging\Messaging.Prism\Messaging.Prism.csproj", "{E8095DC1-7D78-4DC2-ADA4-6C9A478B8DAA}"
EndProject
Project("{FAE04EC0-301F-11D3-BF4B-00C04F79EFBC}") = "WpfApp.Modern", "src\WpfApp.Modern\WpfApp.Modern.csproj", "{7058195B-F1B4-4CA6-9767-6A0794DBE660}"
EndProject
Global
	GlobalSection(SolutionConfigurationPlatforms) = preSolution
		Debug|Any CPU = Debug|Any CPU
		Debug|x64 = Debug|x64
		Debug|x86 = Debug|x86
		Release|Any CPU = Release|Any CPU
		Release|x64 = Release|x64
		Release|x86 = Release|x86
	EndGlobalSection
	GlobalSection(ProjectConfigurationPlatforms) = postSolution
		{D59A2B80-4093-412A-BD5B-04B3DFD5B1CB}.Debug|Any CPU.ActiveCfg = Debug|Any CPU
		{D59A2B80-4093-412A-BD5B-04B3DFD5B1CB}.Debug|Any CPU.Build.0 = Debug|Any CPU
		{D59A2B80-4093-412A-BD5B-04B3DFD5B1CB}.Debug|x64.ActiveCfg = Debug|Any CPU
		{D59A2B80-4093-412A-BD5B-04B3DFD5B1CB}.Debug|x64.Build.0 = Debug|Any CPU
		{D59A2B80-4093-412A-BD5B-04B3DFD5B1CB}.Debug|x86.ActiveCfg = Debug|Any CPU
		{D59A2B80-4093-412A-BD5B-04B3DFD5B1CB}.Debug|x86.Build.0 = Debug|Any CPU
		{D59A2B80-4093-412A-BD5B-04B3DFD5B1CB}.Release|Any CPU.ActiveCfg = Release|Any CPU
		{D59A2B80-4093-412A-BD5B-04B3DFD5B1CB}.Release|Any CPU.Build.0 = Release|Any CPU
		{D59A2B80-4093-412A-BD5B-04B3DFD5B1CB}.Release|x64.ActiveCfg = Release|Any CPU
		{D59A2B80-4093-412A-BD5B-04B3DFD5B1CB}.Release|x64.Build.0 = Release|Any CPU
		{D59A2B80-4093-412A-BD5B-04B3DFD5B1CB}.Release|x86.ActiveCfg = Release|Any CPU
		{D59A2B80-4093-412A-BD5B-04B3DFD5B1CB}.Release|x86.Build.0 = Release|Any CPU
		{0E2DDC35-3283-47C3-952A-D918BB661563}.Debug|Any CPU.ActiveCfg = Debug|Any CPU
		{0E2DDC35-3283-47C3-952A-D918BB661563}.Debug|Any CPU.Build.0 = Debug|Any CPU
		{0E2DDC35-3283-47C3-952A-D918BB661563}.Debug|x64.ActiveCfg = Debug|Any CPU
		{0E2DDC35-3283-47C3-952A-D918BB661563}.Debug|x64.Build.0 = Debug|Any CPU
		{0E2DDC35-3283-47C3-952A-D918BB661563}.Debug|x86.ActiveCfg = Debug|Any CPU
		{0E2DDC35-3283-47C3-952A-D918BB661563}.Debug|x86.Build.0 = Debug|Any CPU
		{0E2DDC35-3283-47C3-952A-D918BB661563}.Release|Any CPU.ActiveCfg = Release|Any CPU
		{0E2DDC35-3283-47C3-952A-D918BB661563}.Release|Any CPU.Build.0 = Release|Any CPU
		{0E2DDC35-3283-47C3-952A-D918BB661563}.Release|x64.ActiveCfg = Release|Any CPU
		{0E2DDC35-3283-47C3-952A-D918BB661563}.Release|x64.Build.0 = Release|Any CPU
		{0E2DDC35-3283-47C3-952A-D918BB661563}.Release|x86.ActiveCfg = Release|Any CPU
		{0E2DDC35-3283-47C3-952A-D918BB661563}.Release|x86.Build.0 = Release|Any CPU
		{07F105C8-F8D2-421A-8AD7-D0B592579374}.Debug|Any CPU.ActiveCfg = Debug|Any CPU
		{07F105C8-F8D2-421A-8AD7-D0B592579374}.Debug|Any CPU.Build.0 = Debug|Any CPU
		{07F105C8-F8D2-421A-8AD7-D0B592579374}.Debug|x64.ActiveCfg = Debug|Any CPU
		{07F105C8-F8D2-421A-8AD7-D0B592579374}.Debug|x64.Build.0 = Debug|Any CPU
		{07F105C8-F8D2-421A-8AD7-D0B592579374}.Debug|x86.ActiveCfg = Debug|Any CPU
		{07F105C8-F8D2-421A-8AD7-D0B592579374}.Debug|x86.Build.0 = Debug|Any CPU
		{07F105C8-F8D2-421A-8AD7-D0B592579374}.Release|Any CPU.ActiveCfg = Release|Any CPU
		{07F105C8-F8D2-421A-8AD7-D0B592579374}.Release|Any CPU.Build.0 = Release|Any CPU
		{07F105C8-F8D2-421A-8AD7-D0B592579374}.Release|x64.ActiveCfg = Release|Any CPU
		{07F105C8-F8D2-421A-8AD7-D0B592579374}.Release|x64.Build.0 = Release|Any CPU
		{07F105C8-F8D2-421A-8AD7-D0B592579374}.Release|x86.ActiveCfg = Release|Any CPU
		{07F105C8-F8D2-421A-8AD7-D0B592579374}.Release|x86.Build.0 = Release|Any CPU
		{07EACB50-F4B8-4526-ADC7-F7E6207AD4A4}.Debug|Any CPU.ActiveCfg = Debug|Any CPU
		{07EACB50-F4B8-4526-ADC7-F7E6207AD4A4}.Debug|Any CPU.Build.0 = Debug|Any CPU
		{07EACB50-F4B8-4526-ADC7-F7E6207AD4A4}.Debug|x64.ActiveCfg = Debug|Any CPU
		{07EACB50-F4B8-4526-ADC7-F7E6207AD4A4}.Debug|x64.Build.0 = Debug|Any CPU
		{07EACB50-F4B8-4526-ADC7-F7E6207AD4A4}.Debug|x86.ActiveCfg = Debug|Any CPU
		{07EACB50-F4B8-4526-ADC7-F7E6207AD4A4}.Debug|x86.Build.0 = Debug|Any CPU
		{07EACB50-F4B8-4526-ADC7-F7E6207AD4A4}.Release|Any CPU.ActiveCfg = Release|Any CPU
		{07EACB50-F4B8-4526-ADC7-F7E6207AD4A4}.Release|Any CPU.Build.0 = Release|Any CPU
		{07EACB50-F4B8-4526-ADC7-F7E6207AD4A4}.Release|x64.ActiveCfg = Release|Any CPU
		{07EACB50-F4B8-4526-ADC7-F7E6207AD4A4}.Release|x64.Build.0 = Release|Any CPU
		{07EACB50-F4B8-4526-ADC7-F7E6207AD4A4}.Release|x86.ActiveCfg = Release|Any CPU
		{07EACB50-F4B8-4526-ADC7-F7E6207AD4A4}.Release|x86.Build.0 = Release|Any CPU
		{B3834C4C-46E4-459A-A211-3B98E4100F9F}.Debug|Any CPU.ActiveCfg = Debug|Any CPU
		{B3834C4C-46E4-459A-A211-3B98E4100F9F}.Debug|Any CPU.Build.0 = Debug|Any CPU
		{B3834C4C-46E4-459A-A211-3B98E4100F9F}.Debug|x64.ActiveCfg = Debug|Any CPU
		{B3834C4C-46E4-459A-A211-3B98E4100F9F}.Debug|x64.Build.0 = Debug|Any CPU
		{B3834C4C-46E4-459A-A211-3B98E4100F9F}.Debug|x86.ActiveCfg = Debug|Any CPU
		{B3834C4C-46E4-459A-A211-3B98E4100F9F}.Debug|x86.Build.0 = Debug|Any CPU
		{B3834C4C-46E4-459A-A211-3B98E4100F9F}.Release|Any CPU.ActiveCfg = Release|Any CPU
		{B3834C4C-46E4-459A-A211-3B98E4100F9F}.Release|Any CPU.Build.0 = Release|Any CPU
		{B3834C4C-46E4-459A-A211-3B98E4100F9F}.Release|x64.ActiveCfg = Release|Any CPU
		{B3834C4C-46E4-459A-A211-3B98E4100F9F}.Release|x64.Build.0 = Release|Any CPU
		{B3834C4C-46E4-459A-A211-3B98E4100F9F}.Release|x86.ActiveCfg = Release|Any CPU
		{B3834C4C-46E4-459A-A211-3B98E4100F9F}.Release|x86.Build.0 = Release|Any CPU
		{104D7BEC-EDC6-4993-8241-B34AE9E8DFD5}.Debug|Any CPU.ActiveCfg = Debug|Any CPU
		{104D7BEC-EDC6-4993-8241-B34AE9E8DFD5}.Debug|Any CPU.Build.0 = Debug|Any CPU
		{104D7BEC-EDC6-4993-8241-B34AE9E8DFD5}.Debug|x64.ActiveCfg = Debug|Any CPU
		{104D7BEC-EDC6-4993-8241-B34AE9E8DFD5}.Debug|x64.Build.0 = Debug|Any CPU
		{104D7BEC-EDC6-4993-8241-B34AE9E8DFD5}.Debug|x86.ActiveCfg = Debug|Any CPU
		{104D7BEC-EDC6-4993-8241-B34AE9E8DFD5}.Debug|x86.Build.0 = Debug|Any CPU
		{104D7BEC-EDC6-4993-8241-B34AE9E8DFD5}.Release|Any CPU.ActiveCfg = Release|Any CPU
		{104D7BEC-EDC6-4993-8241-B34AE9E8DFD5}.Release|Any CPU.Build.0 = Release|Any CPU
		{104D7BEC-EDC6-4993-8241-B34AE9E8DFD5}.Release|x64.ActiveCfg = Release|Any CPU
		{104D7BEC-EDC6-4993-8241-B34AE9E8DFD5}.Release|x64.Build.0 = Release|Any CPU
		{104D7BEC-EDC6-4993-8241-B34AE9E8DFD5}.Release|x86.ActiveCfg = Release|Any CPU
		{104D7BEC-EDC6-4993-8241-B34AE9E8DFD5}.Release|x86.Build.0 = Release|Any CPU
		{01BAC8D5-9F61-4C74-B502-C660B5EE7634}.Debug|Any CPU.ActiveCfg = Debug|Any CPU
		{01BAC8D5-9F61-4C74-B502-C660B5EE7634}.Debug|Any CPU.Build.0 = Debug|Any CPU
		{01BAC8D5-9F61-4C74-B502-C660B5EE7634}.Debug|x64.ActiveCfg = Debug|Any CPU
		{01BAC8D5-9F61-4C74-B502-C660B5EE7634}.Debug|x64.Build.0 = Debug|Any CPU
		{01BAC8D5-9F61-4C74-B502-C660B5EE7634}.Debug|x86.ActiveCfg = Debug|Any CPU
		{01BAC8D5-9F61-4C74-B502-C660B5EE7634}.Debug|x86.Build.0 = Debug|Any CPU
		{01BAC8D5-9F61-4C74-B502-C660B5EE7634}.Release|Any CPU.ActiveCfg = Release|Any CPU
		{01BAC8D5-9F61-4C74-B502-C660B5EE7634}.Release|Any CPU.Build.0 = Release|Any CPU
		{01BAC8D5-9F61-4C74-B502-C660B5EE7634}.Release|x64.ActiveCfg = Release|Any CPU
		{01BAC8D5-9F61-4C74-B502-C660B5EE7634}.Release|x64.Build.0 = Release|Any CPU
		{01BAC8D5-9F61-4C74-B502-C660B5EE7634}.Release|x86.ActiveCfg = Release|Any CPU
		{01BAC8D5-9F61-4C74-B502-C660B5EE7634}.Release|x86.Build.0 = Release|Any CPU
		{7250803C-D1B4-47A7-AE79-2DD50ACB0BEE}.Debug|Any CPU.ActiveCfg = Debug|Any CPU
		{7250803C-D1B4-47A7-AE79-2DD50ACB0BEE}.Debug|Any CPU.Build.0 = Debug|Any CPU
		{7250803C-D1B4-47A7-AE79-2DD50ACB0BEE}.Debug|x64.ActiveCfg = Debug|Any CPU
		{7250803C-D1B4-47A7-AE79-2DD50ACB0BEE}.Debug|x64.Build.0 = Debug|Any CPU
		{7250803C-D1B4-47A7-AE79-2DD50ACB0BEE}.Debug|x86.ActiveCfg = Debug|Any CPU
		{7250803C-D1B4-47A7-AE79-2DD50ACB0BEE}.Debug|x86.Build.0 = Debug|Any CPU
		{7250803C-D1B4-47A7-AE79-2DD50ACB0BEE}.Release|Any CPU.ActiveCfg = Release|Any CPU
		{7250803C-D1B4-47A7-AE79-2DD50ACB0BEE}.Release|Any CPU.Build.0 = Release|Any CPU
		{7250803C-D1B4-47A7-AE79-2DD50ACB0BEE}.Release|x64.ActiveCfg = Release|Any CPU
		{7250803C-D1B4-47A7-AE79-2DD50ACB0BEE}.Release|x64.Build.0 = Release|Any CPU
		{7250803C-D1B4-47A7-AE79-2DD50ACB0BEE}.Release|x86.ActiveCfg = Release|Any CPU
		{7250803C-D1B4-47A7-AE79-2DD50ACB0BEE}.Release|x86.Build.0 = Release|Any CPU
		{61C5EE71-1FD3-47A4-9B89-F6E2B3CF8FA8}.Debug|Any CPU.ActiveCfg = Debug|Any CPU
		{61C5EE71-1FD3-47A4-9B89-F6E2B3CF8FA8}.Debug|Any CPU.Build.0 = Debug|Any CPU
		{61C5EE71-1FD3-47A4-9B89-F6E2B3CF8FA8}.Debug|x64.ActiveCfg = Debug|Any CPU
		{61C5EE71-1FD3-47A4-9B89-F6E2B3CF8FA8}.Debug|x64.Build.0 = Debug|Any CPU
		{61C5EE71-1FD3-47A4-9B89-F6E2B3CF8FA8}.Debug|x86.ActiveCfg = Debug|Any CPU
		{61C5EE71-1FD3-47A4-9B89-F6E2B3CF8FA8}.Debug|x86.Build.0 = Debug|Any CPU
		{61C5EE71-1FD3-47A4-9B89-F6E2B3CF8FA8}.Release|Any CPU.ActiveCfg = Release|Any CPU
		{61C5EE71-1FD3-47A4-9B89-F6E2B3CF8FA8}.Release|Any CPU.Build.0 = Release|Any CPU
		{61C5EE71-1FD3-47A4-9B89-F6E2B3CF8FA8}.Release|x64.ActiveCfg = Release|Any CPU
		{61C5EE71-1FD3-47A4-9B89-F6E2B3CF8FA8}.Release|x64.Build.0 = Release|Any CPU
		{61C5EE71-1FD3-47A4-9B89-F6E2B3CF8FA8}.Release|x86.ActiveCfg = Release|Any CPU
		{61C5EE71-1FD3-47A4-9B89-F6E2B3CF8FA8}.Release|x86.Build.0 = Release|Any CPU
		{B1D0484A-C98E-4BEB-BC2C-7CC439821478}.Debug|Any CPU.ActiveCfg = Debug|Any CPU
		{B1D0484A-C98E-4BEB-BC2C-7CC439821478}.Debug|Any CPU.Build.0 = Debug|Any CPU
		{B1D0484A-C98E-4BEB-BC2C-7CC439821478}.Debug|x64.ActiveCfg = Debug|Any CPU
		{B1D0484A-C98E-4BEB-BC2C-7CC439821478}.Debug|x64.Build.0 = Debug|Any CPU
		{B1D0484A-C98E-4BEB-BC2C-7CC439821478}.Debug|x86.ActiveCfg = Debug|Any CPU
		{B1D0484A-C98E-4BEB-BC2C-7CC439821478}.Debug|x86.Build.0 = Debug|Any CPU
		{B1D0484A-C98E-4BEB-BC2C-7CC439821478}.Release|Any CPU.ActiveCfg = Release|Any CPU
		{B1D0484A-C98E-4BEB-BC2C-7CC439821478}.Release|Any CPU.Build.0 = Release|Any CPU
		{B1D0484A-C98E-4BEB-BC2C-7CC439821478}.Release|x64.ActiveCfg = Release|Any CPU
		{B1D0484A-C98E-4BEB-BC2C-7CC439821478}.Release|x64.Build.0 = Release|Any CPU
		{B1D0484A-C98E-4BEB-BC2C-7CC439821478}.Release|x86.ActiveCfg = Release|Any CPU
		{B1D0484A-C98E-4BEB-BC2C-7CC439821478}.Release|x86.Build.0 = Release|Any CPU
		{99B64E56-B382-4B2C-8129-CC96F7AA972B}.Debug|Any CPU.ActiveCfg = Debug|Any CPU
		{99B64E56-B382-4B2C-8129-CC96F7AA972B}.Debug|Any CPU.Build.0 = Debug|Any CPU
		{99B64E56-B382-4B2C-8129-CC96F7AA972B}.Debug|x64.ActiveCfg = Debug|Any CPU
		{99B64E56-B382-4B2C-8129-CC96F7AA972B}.Debug|x64.Build.0 = Debug|Any CPU
		{99B64E56-B382-4B2C-8129-CC96F7AA972B}.Debug|x86.ActiveCfg = Debug|Any CPU
		{99B64E56-B382-4B2C-8129-CC96F7AA972B}.Debug|x86.Build.0 = Debug|Any CPU
		{99B64E56-B382-4B2C-8129-CC96F7AA972B}.Release|Any CPU.ActiveCfg = Release|Any CPU
		{99B64E56-B382-4B2C-8129-CC96F7AA972B}.Release|Any CPU.Build.0 = Release|Any CPU
		{99B64E56-B382-4B2C-8129-CC96F7AA972B}.Release|x64.ActiveCfg = Release|Any CPU
		{99B64E56-B382-4B2C-8129-CC96F7AA972B}.Release|x64.Build.0 = Release|Any CPU
		{99B64E56-B382-4B2C-8129-CC96F7AA972B}.Release|x86.ActiveCfg = Release|Any CPU
		{99B64E56-B382-4B2C-8129-CC96F7AA972B}.Release|x86.Build.0 = Release|Any CPU
		{E2EEBB08-345F-45B5-A4AE-ADA0E948FD01}.Debug|Any CPU.ActiveCfg = Debug|Any CPU
		{E2EEBB08-345F-45B5-A4AE-ADA0E948FD01}.Debug|Any CPU.Build.0 = Debug|Any CPU
		{E2EEBB08-345F-45B5-A4AE-ADA0E948FD01}.Debug|x64.ActiveCfg = Debug|Any CPU
		{E2EEBB08-345F-45B5-A4AE-ADA0E948FD01}.Debug|x64.Build.0 = Debug|Any CPU
		{E2EEBB08-345F-45B5-A4AE-ADA0E948FD01}.Debug|x86.ActiveCfg = Debug|Any CPU
		{E2EEBB08-345F-45B5-A4AE-ADA0E948FD01}.Debug|x86.Build.0 = Debug|Any CPU
		{E2EEBB08-345F-45B5-A4AE-ADA0E948FD01}.Release|Any CPU.ActiveCfg = Release|Any CPU
		{E2EEBB08-345F-45B5-A4AE-ADA0E948FD01}.Release|Any CPU.Build.0 = Release|Any CPU
		{E2EEBB08-345F-45B5-A4AE-ADA0E948FD01}.Release|x64.ActiveCfg = Release|Any CPU
		{E2EEBB08-345F-45B5-A4AE-ADA0E948FD01}.Release|x64.Build.0 = Release|Any CPU
		{E2EEBB08-345F-45B5-A4AE-ADA0E948FD01}.Release|x86.ActiveCfg = Release|Any CPU
		{E2EEBB08-345F-45B5-A4AE-ADA0E948FD01}.Release|x86.Build.0 = Release|Any CPU
		{F9F68CDF-9ECA-41B3-B46B-85F0B8E92DF9}.Debug|Any CPU.ActiveCfg = Debug|Any CPU
		{F9F68CDF-9ECA-41B3-B46B-85F0B8E92DF9}.Debug|Any CPU.Build.0 = Debug|Any CPU
		{F9F68CDF-9ECA-41B3-B46B-85F0B8E92DF9}.Debug|x64.ActiveCfg = Debug|Any CPU
		{F9F68CDF-9ECA-41B3-B46B-85F0B8E92DF9}.Debug|x64.Build.0 = Debug|Any CPU
		{F9F68CDF-9ECA-41B3-B46B-85F0B8E92DF9}.Debug|x86.ActiveCfg = Debug|Any CPU
		{F9F68CDF-9ECA-41B3-B46B-85F0B8E92DF9}.Debug|x86.Build.0 = Debug|Any CPU
		{F9F68CDF-9ECA-41B3-B46B-85F0B8E92DF9}.Release|Any CPU.ActiveCfg = Release|Any CPU
		{F9F68CDF-9ECA-41B3-B46B-85F0B8E92DF9}.Release|Any CPU.Build.0 = Release|Any CPU
		{F9F68CDF-9ECA-41B3-B46B-85F0B8E92DF9}.Release|x64.ActiveCfg = Release|Any CPU
		{F9F68CDF-9ECA-41B3-B46B-85F0B8E92DF9}.Release|x64.Build.0 = Release|Any CPU
		{F9F68CDF-9ECA-41B3-B46B-85F0B8E92DF9}.Release|x86.ActiveCfg = Release|Any CPU
		{F9F68CDF-9ECA-41B3-B46B-85F0B8E92DF9}.Release|x86.Build.0 = Release|Any CPU
		{6CD6587A-DFBD-4ADD-8462-BBBA14E9BAD1}.Debug|Any CPU.ActiveCfg = Debug|Any CPU
		{6CD6587A-DFBD-4ADD-8462-BBBA14E9BAD1}.Debug|Any CPU.Build.0 = Debug|Any CPU
		{6CD6587A-DFBD-4ADD-8462-BBBA14E9BAD1}.Debug|x64.ActiveCfg = Debug|Any CPU
		{6CD6587A-DFBD-4ADD-8462-BBBA14E9BAD1}.Debug|x64.Build.0 = Debug|Any CPU
		{6CD6587A-DFBD-4ADD-8462-BBBA14E9BAD1}.Debug|x86.ActiveCfg = Debug|Any CPU
		{6CD6587A-DFBD-4ADD-8462-BBBA14E9BAD1}.Debug|x86.Build.0 = Debug|Any CPU
		{6CD6587A-DFBD-4ADD-8462-BBBA14E9BAD1}.Release|Any CPU.ActiveCfg = Release|Any CPU
		{6CD6587A-DFBD-4ADD-8462-BBBA14E9BAD1}.Release|Any CPU.Build.0 = Release|Any CPU
		{6CD6587A-DFBD-4ADD-8462-BBBA14E9BAD1}.Release|x64.ActiveCfg = Release|Any CPU
		{6CD6587A-DFBD-4ADD-8462-BBBA14E9BAD1}.Release|x64.Build.0 = Release|Any CPU
		{6CD6587A-DFBD-4ADD-8462-BBBA14E9BAD1}.Release|x86.ActiveCfg = Release|Any CPU
		{6CD6587A-DFBD-4ADD-8462-BBBA14E9BAD1}.Release|x86.Build.0 = Release|Any CPU
		{18C51FE2-125C-4AD8-854D-B48784C85DA7}.Debug|Any CPU.ActiveCfg = Debug|Any CPU
		{18C51FE2-125C-4AD8-854D-B48784C85DA7}.Debug|Any CPU.Build.0 = Debug|Any CPU
		{18C51FE2-125C-4AD8-854D-B48784C85DA7}.Debug|x64.ActiveCfg = Debug|Any CPU
		{18C51FE2-125C-4AD8-854D-B48784C85DA7}.Debug|x64.Build.0 = Debug|Any CPU
		{18C51FE2-125C-4AD8-854D-B48784C85DA7}.Debug|x86.ActiveCfg = Debug|Any CPU
		{18C51FE2-125C-4AD8-854D-B48784C85DA7}.Debug|x86.Build.0 = Debug|Any CPU
		{18C51FE2-125C-4AD8-854D-B48784C85DA7}.Release|Any CPU.ActiveCfg = Release|Any CPU
		{18C51FE2-125C-4AD8-854D-B48784C85DA7}.Release|Any CPU.Build.0 = Release|Any CPU
		{18C51FE2-125C-4AD8-854D-B48784C85DA7}.Release|x64.ActiveCfg = Release|Any CPU
		{18C51FE2-125C-4AD8-854D-B48784C85DA7}.Release|x64.Build.0 = Release|Any CPU
		{18C51FE2-125C-4AD8-854D-B48784C85DA7}.Release|x86.ActiveCfg = Release|Any CPU
		{18C51FE2-125C-4AD8-854D-B48784C85DA7}.Release|x86.Build.0 = Release|Any CPU
		{6D956CE8-D35B-467D-A26F-939B483A7481}.Debug|Any CPU.ActiveCfg = Debug|Any CPU
		{6D956CE8-D35B-467D-A26F-939B483A7481}.Debug|Any CPU.Build.0 = Debug|Any CPU
		{6D956CE8-D35B-467D-A26F-939B483A7481}.Debug|x64.ActiveCfg = Debug|Any CPU
		{6D956CE8-D35B-467D-A26F-939B483A7481}.Debug|x64.Build.0 = Debug|Any CPU
		{6D956CE8-D35B-467D-A26F-939B483A7481}.Debug|x86.ActiveCfg = Debug|Any CPU
		{6D956CE8-D35B-467D-A26F-939B483A7481}.Debug|x86.Build.0 = Debug|Any CPU
		{6D956CE8-D35B-467D-A26F-939B483A7481}.Release|Any CPU.ActiveCfg = Release|Any CPU
		{6D956CE8-D35B-467D-A26F-939B483A7481}.Release|Any CPU.Build.0 = Release|Any CPU
		{6D956CE8-D35B-467D-A26F-939B483A7481}.Release|x64.ActiveCfg = Release|Any CPU
		{6D956CE8-D35B-467D-A26F-939B483A7481}.Release|x64.Build.0 = Release|Any CPU
		{6D956CE8-D35B-467D-A26F-939B483A7481}.Release|x86.ActiveCfg = Release|Any CPU
		{6D956CE8-D35B-467D-A26F-939B483A7481}.Release|x86.Build.0 = Release|Any CPU
		{B392A826-D655-43FB-844F-97A4992D7089}.Debug|Any CPU.ActiveCfg = Debug|Any CPU
		{B392A826-D655-43FB-844F-97A4992D7089}.Debug|Any CPU.Build.0 = Debug|Any CPU
		{B392A826-D655-43FB-844F-97A4992D7089}.Debug|x64.ActiveCfg = Debug|Any CPU
		{B392A826-D655-43FB-844F-97A4992D7089}.Debug|x64.Build.0 = Debug|Any CPU
		{B392A826-D655-43FB-844F-97A4992D7089}.Debug|x86.ActiveCfg = Debug|Any CPU
		{B392A826-D655-43FB-844F-97A4992D7089}.Debug|x86.Build.0 = Debug|Any CPU
		{B392A826-D655-43FB-844F-97A4992D7089}.Release|Any CPU.ActiveCfg = Release|Any CPU
		{B392A826-D655-43FB-844F-97A4992D7089}.Release|Any CPU.Build.0 = Release|Any CPU
		{B392A826-D655-43FB-844F-97A4992D7089}.Release|x64.ActiveCfg = Release|Any CPU
		{B392A826-D655-43FB-844F-97A4992D7089}.Release|x64.Build.0 = Release|Any CPU
		{B392A826-D655-43FB-844F-97A4992D7089}.Release|x86.ActiveCfg = Release|Any CPU
		{B392A826-D655-43FB-844F-97A4992D7089}.Release|x86.Build.0 = Release|Any CPU
		{5CAF561B-4224-4059-A249-0CCFAA5E30D8}.Debug|Any CPU.ActiveCfg = Debug|Any CPU
		{5CAF561B-4224-4059-A249-0CCFAA5E30D8}.Debug|Any CPU.Build.0 = Debug|Any CPU
		{5CAF561B-4224-4059-A249-0CCFAA5E30D8}.Debug|x64.ActiveCfg = Debug|Any CPU
		{5CAF561B-4224-4059-A249-0CCFAA5E30D8}.Debug|x64.Build.0 = Debug|Any CPU
		{5CAF561B-4224-4059-A249-0CCFAA5E30D8}.Debug|x86.ActiveCfg = Debug|Any CPU
		{5CAF561B-4224-4059-A249-0CCFAA5E30D8}.Debug|x86.Build.0 = Debug|Any CPU
		{5CAF561B-4224-4059-A249-0CCFAA5E30D8}.Release|Any CPU.ActiveCfg = Release|Any CPU
		{5CAF561B-4224-4059-A249-0CCFAA5E30D8}.Release|Any CPU.Build.0 = Release|Any CPU
		{5CAF561B-4224-4059-A249-0CCFAA5E30D8}.Release|x64.ActiveCfg = Release|Any CPU
		{5CAF561B-4224-4059-A249-0CCFAA5E30D8}.Release|x64.Build.0 = Release|Any CPU
		{5CAF561B-4224-4059-A249-0CCFAA5E30D8}.Release|x86.ActiveCfg = Release|Any CPU
		{5CAF561B-4224-4059-A249-0CCFAA5E30D8}.Release|x86.Build.0 = Release|Any CPU
		{E8095DC1-7D78-4DC2-ADA4-6C9A478B8DAA}.Debug|Any CPU.ActiveCfg = Debug|Any CPU
		{E8095DC1-7D78-4DC2-ADA4-6C9A478B8DAA}.Debug|Any CPU.Build.0 = Debug|Any CPU
		{E8095DC1-7D78-4DC2-ADA4-6C9A478B8DAA}.Debug|x64.ActiveCfg = Debug|Any CPU
		{E8095DC1-7D78-4DC2-ADA4-6C9A478B8DAA}.Debug|x64.Build.0 = Debug|Any CPU
		{E8095DC1-7D78-4DC2-ADA4-6C9A478B8DAA}.Debug|x86.ActiveCfg = Debug|Any CPU
		{E8095DC1-7D78-4DC2-ADA4-6C9A478B8DAA}.Debug|x86.Build.0 = Debug|Any CPU
		{E8095DC1-7D78-4DC2-ADA4-6C9A478B8DAA}.Release|Any CPU.ActiveCfg = Release|Any CPU
		{E8095DC1-7D78-4DC2-ADA4-6C9A478B8DAA}.Release|Any CPU.Build.0 = Release|Any CPU
		{E8095DC1-7D78-4DC2-ADA4-6C9A478B8DAA}.Release|x64.ActiveCfg = Release|Any CPU
		{E8095DC1-7D78-4DC2-ADA4-6C9A478B8DAA}.Release|x64.Build.0 = Release|Any CPU
		{E8095DC1-7D78-4DC2-ADA4-6C9A478B8DAA}.Release|x86.ActiveCfg = Release|Any CPU
		{E8095DC1-7D78-4DC2-ADA4-6C9A478B8DAA}.Release|x86.Build.0 = Release|Any CPU
		{7058195B-F1B4-4CA6-9767-6A0794DBE660}.Debug|Any CPU.ActiveCfg = Debug|Any CPU
		{7058195B-F1B4-4CA6-9767-6A0794DBE660}.Debug|Any CPU.Build.0 = Debug|Any CPU
		{7058195B-F1B4-4CA6-9767-6A0794DBE660}.Debug|x64.ActiveCfg = Debug|Any CPU
		{7058195B-F1B4-4CA6-9767-6A0794DBE660}.Debug|x64.Build.0 = Debug|Any CPU
		{7058195B-F1B4-4CA6-9767-6A0794DBE660}.Debug|x86.ActiveCfg = Debug|Any CPU
		{7058195B-F1B4-4CA6-9767-6A0794DBE660}.Debug|x86.Build.0 = Debug|Any CPU
		{7058195B-F1B4-4CA6-9767-6A0794DBE660}.Release|Any CPU.ActiveCfg = Release|Any CPU
		{7058195B-F1B4-4CA6-9767-6A0794DBE660}.Release|Any CPU.Build.0 = Release|Any CPU
		{7058195B-F1B4-4CA6-9767-6A0794DBE660}.Release|x64.ActiveCfg = Release|Any CPU
		{7058195B-F1B4-4CA6-9767-6A0794DBE660}.Release|x64.Build.0 = Release|Any CPU
		{7058195B-F1B4-4CA6-9767-6A0794DBE660}.Release|x86.ActiveCfg = Release|Any CPU
		{7058195B-F1B4-4CA6-9767-6A0794DBE660}.Release|x86.Build.0 = Release|Any CPU
	EndGlobalSection
	GlobalSection(SolutionProperties) = preSolution
		HideSolutionNode = FALSE
	EndGlobalSection
	GlobalSection(NestedProjects) = preSolution
		{D59A2B80-4093-412A-BD5B-04B3DFD5B1CB} = {827E0CD3-B72D-47B6-A68D-7590B98EB39B}
		{0E2DDC35-3283-47C3-952A-D918BB661563} = {827E0CD3-B72D-47B6-A68D-7590B98EB39B}
		{07F105C8-F8D2-421A-8AD7-D0B592579374} = {827E0CD3-B72D-47B6-A68D-7590B98EB39B}
		{07EACB50-F4B8-4526-ADC7-F7E6207AD4A4} = {0AB3BF05-4346-4AA6-1389-037BE0695223}
		{B3834C4C-46E4-459A-A211-3B98E4100F9F} = {0AB3BF05-4346-4AA6-1389-037BE0695223}
		{104D7BEC-EDC6-4993-8241-B34AE9E8DFD5} = {0AB3BF05-4346-4AA6-1389-037BE0695223}
		{01BAC8D5-9F61-4C74-B502-C660B5EE7634} = {0AB3BF05-4346-4AA6-1389-037BE0695223}
		{90AACAC6-F01F-4D80-4495-114698DDABE3} = {827E0CD3-B72D-47B6-A68D-7590B98EB39B}
		{7250803C-D1B4-47A7-AE79-2DD50ACB0BEE} = {90AACAC6-F01F-4D80-4495-114698DDABE3}
		{61C5EE71-1FD3-47A4-9B89-F6E2B3CF8FA8} = {1AB6002E-85EB-C75A-9828-95B8B8565E80}
		{B1D0484A-C98E-4BEB-BC2C-7CC439821478} = {1AB6002E-85EB-C75A-9828-95B8B8565E80}
		{99B64E56-B382-4B2C-8129-CC96F7AA972B} = {90AACAC6-F01F-4D80-4495-114698DDABE3}
		{E2EEBB08-345F-45B5-A4AE-ADA0E948FD01} = {90AACAC6-F01F-4D80-4495-114698DDABE3}
		{1AB6002E-85EB-C75A-9828-95B8B8565E80} = {827E0CD3-B72D-47B6-A68D-7590B98EB39B}
		{F9F68CDF-9ECA-41B3-B46B-85F0B8E92DF9} = {1AB6002E-85EB-C75A-9828-95B8B8565E80}
		{FFBE31B8-50B9-B415-22BC-2F92C97CADA3} = {827E0CD3-B72D-47B6-A68D-7590B98EB39B}
		{6CD6587A-DFBD-4ADD-8462-BBBA14E9BAD1} = {FFBE31B8-50B9-B415-22BC-2F92C97CADA3}
		{F12727AA-ABEF-07AF-E6F0-CD96E3D9A8AF} = {0AB3BF05-4346-4AA6-1389-037BE0695223}
		{2B73962F-4F0B-9A8B-5B31-6764871A2AF0} = {F12727AA-ABEF-07AF-E6F0-CD96E3D9A8AF}
		{18C51FE2-125C-4AD8-854D-B48784C85DA7} = {2B73962F-4F0B-9A8B-5B31-6764871A2AF0}
		{6D956CE8-D35B-467D-A26F-939B483A7481} = {2B73962F-4F0B-9A8B-5B31-6764871A2AF0}
		{B392A826-D655-43FB-844F-97A4992D7089} = {2B73962F-4F0B-9A8B-5B31-6764871A2AF0}
		{5CAF561B-4224-4059-A249-0CCFAA5E30D8} = {2B73962F-4F0B-9A8B-5B31-6764871A2AF0}
		{E8095DC1-7D78-4DC2-ADA4-6C9A478B8DAA} = {1AB6002E-85EB-C75A-9828-95B8B8565E80}
		{7058195B-F1B4-4CA6-9767-6A0794DBE660} = {827E0CD3-B72D-47B6-A68D-7590B98EB39B}
	EndGlobalSection
EndGlobal
